
Microsoft Visual Studio Solution File, Format Version 12.00
# Visual Studio Version 17
VisualStudioVersion = 17.9.34607.119
MinimumVisualStudioVersion = 10.0.40219.1
Project("{FAE04EC0-301F-11D3-BF4B-00C04F79EFBC}") = "LibreriaDigital.WebApi", "LibreriaDigital.WebApi\LibreriaDigital.WebApi.csproj", "{652624B2-D9E3-46E5-A26F-C55EE977894F}"
EndProject
Global
	GlobalSection(SolutionConfigurationPlatforms) = preSolution
		Debug|Any CPU = Debug|Any CPU
		Release|Any CPU = Release|Any CPU
	EndGlobalSection
	GlobalSection(ProjectConfigurationPlatforms) = postSolution
		{652624B2-D9E3-46E5-A26F-C55EE977894F}.Debug|Any CPU.ActiveCfg = Debug|Any CPU
		{652624B2-D9E3-46E5-A26F-C55EE977894F}.Debug|Any CPU.Build.0 = Debug|Any CPU
		{652624B2-D9E3-46E5-A26F-C55EE977894F}.Release|Any CPU.ActiveCfg = Release|Any CPU
		{652624B2-D9E3-46E5-A26F-C55EE977894F}.Release|Any CPU.Build.0 = Release|Any CPU
	EndGlobalSection
	GlobalSection(SolutionProperties) = preSolution
		HideSolutionNode = FALSE
	EndGlobalSection
	GlobalSection(ExtensibilityGlobals) = postSolution
		SolutionGuid = {6E9D760F-7F5A-41CD-8D1E-C612DAEF265F}
	EndGlobalSection
EndGlobal
